
Microsoft Visual Studio Solution File, Format Version 12.00
# Visual Studio Version 16
VisualStudioVersion = 16.0.31410.357
MinimumVisualStudioVersion = 10.0.40219.1
Project("{8BC9CEB8-8B4A-11D0-8D11-00A0C91BC942}") = "友元", "友元.vcxproj", "{FE35FFFC-C92A-453C-A2B7-F4E361E76B17}"
EndProject
Global
	GlobalSection(SolutionConfigurationPlatforms) = preSolution
		Debug|x64 = Debug|x64
		Debug|x86 = Debug|x86
		Release|x64 = Release|x64
		Release|x86 = Release|x86
	EndGlobalSection
	GlobalSection(ProjectConfigurationPlatforms) = postSolution
		{FE35FFFC-C92A-453C-A2B7-F4E361E76B17}.Debug|x64.ActiveCfg = Debug|x64
		{FE35FFFC-C92A-453C-A2B7-F4E361E76B17}.Debug|x64.Build.0 = Debug|x64
		{FE35FFFC-C92A-453C-A2B7-F4E361E76B17}.Debug|x86.ActiveCfg = Debug|Win32
		{FE35FFFC-C92A-453C-A2B7-F4E361E76B17}.Debug|x86.Build.0 = Debug|Win32
		{FE35FFFC-C92A-453C-A2B7-F4E361E76B17}.Release|x64.ActiveCfg = Release|x64
		{FE35FFFC-C92A-453C-A2B7-F4E361E76B17}.Release|x64.Build.0 = Release|x64
		{FE35FFFC-C92A-453C-A2B7-F4E361E76B17}.Release|x86.ActiveCfg = Release|Win32
		{FE35FFFC-C92A-453C-A2B7-F4E361E76B17}.Release|x86.Build.0 = Release|Win32
	EndGlobalSection
	GlobalSection(SolutionProperties) = preSolution
		HideSolutionNode = FALSE
	EndGlobalSection
	GlobalSection(ExtensibilityGlobals) = postSolution
		SolutionGuid = {7EE59E5E-060D-44D0-8E64-2F2DBDB0E529}
	EndGlobalSection
EndGlobal
